
Microsoft Visual Studio Solution File, Format Version 12.00
Project("{FAE04EC0-301F-11D3-BF4B-00C04F79EFBC}") = "Sum of Digits and Digital Root", "Sum of Digits and Digital Root\Sum of Digits and Digital Root.csproj", "{BC80E9AB-DE53-43EF-A78A-6245BBBAAD02}"
EndProject
Global
	GlobalSection(SolutionConfigurationPlatforms) = preSolution
		Debug|Any CPU = Debug|Any CPU
		Release|Any CPU = Release|Any CPU
	EndGlobalSection
	GlobalSection(ProjectConfigurationPlatforms) = postSolution
		{BC80E9AB-DE53-43EF-A78A-6245BBBAAD02}.Debug|Any CPU.ActiveCfg = Debug|Any CPU
		{BC80E9AB-DE53-43EF-A78A-6245BBBAAD02}.Debug|Any CPU.Build.0 = Debug|Any CPU
		{BC80E9AB-DE53-43EF-A78A-6245BBBAAD02}.Release|Any CPU.ActiveCfg = Release|Any CPU
		{BC80E9AB-DE53-43EF-A78A-6245BBBAAD02}.Release|Any CPU.Build.0 = Release|Any CPU
	EndGlobalSection
EndGlobal
